PODS:
  - Alamofire (5.10.2)
  - AppAuth (2.0.0):
    - AppAuth/Core (= 2.0.0)
    - AppAuth/ExternalUserAgent (= 2.0.0)
  - AppAuth/Core (2.0.0)
  - AppAuth/ExternalUserAgent (2.0.0):
    - AppAuth/Core
  - AppCheckCore (11.2.0):
    - GoogleUtilities/Environment (~> 8.0)
    - GoogleUtilities/UserDefaults (~> 8.0)
    - PromisesObjC (~> 2.4)
  - BigInt (5.2.0)
  - Capacitor (8.4.0):
    - CapacitorCordova
  - CapacitorActionSheet (8.1.1):
    - Capacitor
  - CapacitorApp (8.1.0):
    - Capacitor
  - CapacitorBrowser (8.0.3):
    - Capacitor
  - CapacitorCamera (8.2.0):
    - Capacitor
    - IONCameraLib (~> 1.0.4)
  - CapacitorCommunityAppleSignIn (7.1.0):
    - Capacitor
  - CapacitorCommunityMedia (9.1.0):
    - Capacitor
    - SDWebImage
  - CapacitorCordova (8.4.0)
  - CapacitorDevice (8.0.2):
    - Capacitor
  - CapacitorDialog (8.0.1):
    - Capacitor
  - CapacitorFilesystem (8.1.2):
    - Capacitor
    - IONFilesystemLib (~> 1.1.1)
  - CapacitorFirebaseAnalytics (8.3.0):
    - Capacitor
    - CapacitorFirebaseAnalytics/AnalyticsWithoutAdIdSupport (= 8.3.0)
  - CapacitorFirebaseAnalytics/AnalyticsWithoutAdIdSupport (8.3.0):
    - Capacitor
    - FirebaseAnalytics/Core (~> 12.7.0)
  - CapacitorFirebaseAuthentication (8.3.0):
    - Capacitor
    - CapacitorFirebaseAuthentication/Lite (= 8.3.0)
    - FirebaseAuth (~> 12.7.0)
  - CapacitorFirebaseAuthentication/Google (8.3.0):
    - Capacitor
    - FirebaseAuth (~> 12.7.0)
    - GoogleSignIn (= 9.0.0)
  - CapacitorFirebaseAuthentication/Lite (8.3.0):
    - Capacitor
    - FirebaseAuth (~> 12.7.0)
  - CapacitorFirebaseCrashlytics (8.3.0):
    - Capacitor
    - FirebaseCrashlytics (~> 12.7.0)
  - CapacitorFirebaseMessaging (8.3.0):
    - Capacitor
    - FirebaseMessaging (~> 12.7.0)
  - CapacitorFirebasePerformance (8.3.0):
    - Capacitor
    - FirebasePerformance (~> 12.7.0)
  - CapacitorFirebaseStorage (8.3.0):
    - Capacitor
    - FirebaseStorage (~> 12.7.0)
  - CapacitorGeolocation (8.2.0):
    - Capacitor
    - IONGeolocationLib (= 2.1.0)
  - CapacitorHaptics (8.0.2):
    - Capacitor
  - CapacitorKeyboard (8.0.5):
    - Capacitor
  - CapacitorNativeBiometric (0.0.1):
    - Capacitor
  - CapacitorNetwork (8.0.1):
    - Capacitor
  - CapacitorPreferences (8.0.1):
    - Capacitor
  - CapacitorPushNotifications (8.1.1):
    - Capacitor
  - CapacitorShare (8.0.1):
    - Capacitor
  - CapacitorSplashScreen (8.0.1):
    - Capacitor
  - CapacitorStatusBar (8.0.2):
    - Capacitor
  - CapawesomeCapacitorBadge (8.0.2):
    - Capacitor
  - CapgoCapacitorUpdater (8.49.4):
    - Alamofire (= 5.10.2)
    - BigInt (= 5.2.0)
    - Capacitor
    - Version (= 0.8.0)
    - ZIPFoundation (~> 0.9)
  - CapgoNativePurchases (8.6.1):
    - Capacitor
  - FirebaseABTesting (12.7.0):
    - FirebaseCore (~> 12.7.0)
  - FirebaseAnalytics/Core (12.7.0):
    - FirebaseCore (~> 12.7.0)
    - FirebaseInstallations (~> 12.7.0)
    - GoogleAppMeasurement/Core (= 12.7.0)
    - GoogleUtilities/AppDelegateSwizzler (~> 8.1)
    - GoogleUtilities/MethodSwizzler (~> 8.1)
    - GoogleUtilities/Network (~> 8.1)
    - "GoogleUtilities/NSData+zlib (~> 8.1)"
    - nanopb (~> 3.30910.0)
  - FirebaseAppCheckInterop (12.7.0)
  - FirebaseAuth (12.7.0):
    - FirebaseAppCheckInterop (~> 12.7.0)
    - FirebaseAuthInterop (~> 12.7.0)
    - FirebaseCore (~> 12.7.0)
    - FirebaseCoreExtension (~> 12.7.0)
    - GoogleUtilities/AppDelegateSwizzler (~> 8.1)
    - GoogleUtilities/Environment (~> 8.1)
    - GTMSessionFetcher/Core (< 6.0, >= 3.4)
    - RecaptchaInterop (~> 101.0)
  - FirebaseAuthInterop (12.7.0)
  - FirebaseCore (12.7.0):
    - FirebaseCoreInternal (~> 12.7.0)
    - GoogleUtilities/Environment (~> 8.1)
    - GoogleUtilities/Logger (~> 8.1)
  - FirebaseCoreExtension (12.7.0):
    - FirebaseCore (~> 12.7.0)
  - FirebaseCoreInternal (12.7.0):
    - "GoogleUtilities/NSData+zlib (~> 8.1)"
  - FirebaseCrashlytics (12.7.0):
    - FirebaseCore (~> 12.7.0)
    - FirebaseInstallations (~> 12.7.0)
    - FirebaseRemoteConfigInterop (~> 12.7.0)
    - FirebaseSessions (~> 12.7.0)
    - GoogleDataTransport (~> 10.1)
    - GoogleUtilities/Environment (~> 8.1)
    - nanopb (~> 3.30910.0)
    - PromisesObjC (~> 2.4)
  - FirebaseInstallations (12.7.0):
    - FirebaseCore (~> 12.7.0)
    - GoogleUtilities/Environment (~> 8.1)
    - GoogleUtilities/UserDefaults (~> 8.1)
    - PromisesObjC (~> 2.4)
  - FirebaseMessaging (12.7.0):
    - FirebaseCore (~> 12.7.0)
    - FirebaseInstallations (~> 12.7.0)
    - GoogleDataTransport (~> 10.1)
    - GoogleUtilities/AppDelegateSwizzler (~> 8.1)
    - GoogleUtilities/Environment (~> 8.1)
    - GoogleUtilities/Reachability (~> 8.1)
    - GoogleUtilities/UserDefaults (~> 8.1)
    - nanopb (~> 3.30910.0)
  - FirebasePerformance (12.7.0):
    - FirebaseCore (~> 12.7.0)
    - FirebaseInstallations (~> 12.7.0)
    - FirebaseRemoteConfig (~> 12.7.0)
    - FirebaseSessions (~> 12.7.0)
    - GoogleDataTransport (~> 10.1)
    - GoogleUtilities/Environment (~> 8.1)
    - GoogleUtilities/MethodSwizzler (~> 8.1)
    - GoogleUtilities/UserDefaults (~> 8.1)
    - nanopb (~> 3.30910.0)
  - FirebaseRemoteConfig (12.7.0):
    - FirebaseABTesting (~> 12.7.0)
    - FirebaseCore (~> 12.7.0)
    - FirebaseInstallations (~> 12.7.0)
    - FirebaseRemoteConfigInterop (~> 12.7.0)
    - FirebaseSharedSwift (~> 12.7.0)
    - GoogleUtilities/Environment (~> 8.1)
    - "GoogleUtilities/NSData+zlib (~> 8.1)"
  - FirebaseRemoteConfigInterop (12.7.0)
  - FirebaseSessions (12.7.0):
    - FirebaseCore (~> 12.7.0)
    - FirebaseCoreExtension (~> 12.7.0)
    - FirebaseInstallations (~> 12.7.0)
    - GoogleDataTransport (~> 10.1)
    - GoogleUtilities/Environment (~> 8.1)
    - GoogleUtilities/UserDefaults (~> 8.1)
    - nanopb (~> 3.30910.0)
    - PromisesSwift (~> 2.1)
  - FirebaseSharedSwift (12.7.0)
  - FirebaseStorage (12.7.0):
    - FirebaseAppCheckInterop (~> 12.7.0)
    - FirebaseAuthInterop (~> 12.7.0)
    - FirebaseCore (~> 12.7.0)
    - FirebaseCoreExtension (~> 12.7.0)
    - GoogleUtilities/Environment (~> 8.1)
    - GTMSessionFetcher/Core (< 6.0, >= 3.4)
  - GoogleAppMeasurement/Core (12.7.0):
    - GoogleUtilities/AppDelegateSwizzler (~> 8.1)
    - GoogleUtilities/MethodSwizzler (~> 8.1)
    - GoogleUtilities/Network (~> 8.1)
    - "GoogleUtilities/NSData+zlib (~> 8.1)"
    - nanopb (~> 3.30910.0)
  - GoogleDataTransport (10.1.0):
    - nanopb (~> 3.30910.0)
    - PromisesObjC (~> 2.4)
  - GoogleSignIn (9.0.0):
    - AppAuth (~> 2.0)
    - AppCheckCore (~> 11.0)
    - GTMAppAuth (~> 5.0)
    - GTMSessionFetcher/Core (~> 3.3)
  - GoogleUtilities/AppDelegateSwizzler (8.1.0):
    - GoogleUtilities/Environment
    - GoogleUtilities/Logger
    - GoogleUtilities/Network
    - GoogleUtilities/Privacy
  - GoogleUtilities/Environment (8.1.0):
    - GoogleUtilities/Privacy
  - GoogleUtilities/Logger (8.1.0):
    - GoogleUtilities/Environment
    - GoogleUtilities/Privacy
  - GoogleUtilities/MethodSwizzler (8.1.0):
    - GoogleUtilities/Logger
    - GoogleUtilities/Privacy
  - GoogleUtilities/Network (8.1.0):
    - GoogleUtilities/Logger
    - "GoogleUtilities/NSData+zlib"
    - GoogleUtilities/Privacy
    - GoogleUtilities/Reachability
  - "GoogleUtilities/NSData+zlib (8.1.0)":
    - GoogleUtilities/Privacy
  - GoogleUtilities/Privacy (8.1.0)
  - GoogleUtilities/Reachability (8.1.0):
    - GoogleUtilities/Logger
    - GoogleUtilities/Privacy
  - GoogleUtilities/UserDefaults (8.1.0):
    - GoogleUtilities/Logger
    - GoogleUtilities/Privacy
  - GTMAppAuth (5.0.0):
    - AppAuth/Core (~> 2.0)
    - GTMSessionFetcher/Core (< 4.0, >= 3.3)
  - GTMSessionFetcher/Core (3.5.0)
  - IONCameraLib (1.0.4)
  - IONFilesystemLib (1.1.2)
  - IONGeolocationLib (2.1.0)
  - MSAL (1.9.0):
    - MSAL/app-lib (= 1.9.0)
  - MSAL/app-lib (1.9.0)
  - nanopb (3.30910.0):
    - nanopb/decode (= 3.30910.0)
    - nanopb/encode (= 3.30910.0)
  - nanopb/decode (3.30910.0)
  - nanopb/encode (3.30910.0)
  - PromisesObjC (2.4.0)
  - PromisesSwift (2.4.0):
    - PromisesObjC (= 2.4.0)
  - RecaptchaInterop (101.0.0)
  - RecognizebvCapacitorPluginMsauth (4.1.0):
    - Capacitor
    - MSAL (~> 1.1)
  - SDWebImage (5.21.7):
    - SDWebImage/Core (= 5.21.7)
  - SDWebImage/Core (5.21.7)
  - Version (0.8.0)
  - ZIPFoundation (0.9.20)

DEPENDENCIES:
  - "Capacitor (from `../../../../node_modules/@capacitor/ios`)"
  - "CapacitorActionSheet (from `../../../../node_modules/@capacitor/action-sheet`)"
  - "CapacitorApp (from `../../../../node_modules/@capacitor/app`)"
  - "CapacitorBrowser (from `../../../../node_modules/@capacitor/browser`)"
  - "CapacitorCamera (from `../../../../node_modules/@capacitor/camera`)"
  - "CapacitorCommunityAppleSignIn (from `../../../../node_modules/@capacitor-community/apple-sign-in`)"
  - "CapacitorCommunityMedia (from `../../../../node_modules/@capacitor-community/media`)"
  - "CapacitorCordova (from `../../../../node_modules/@capacitor/ios`)"
  - "CapacitorDevice (from `../../../../node_modules/@capacitor/device`)"
  - "CapacitorDialog (from `../../../../node_modules/@capacitor/dialog`)"
  - "CapacitorFilesystem (from `../../../../node_modules/@capacitor/filesystem`)"
  - "CapacitorFirebaseAnalytics (from `../../../../node_modules/@capacitor-firebase/analytics`)"
  - "CapacitorFirebaseAnalytics/AnalyticsWithoutAdIdSupport (from `../../../../node_modules/@capacitor-firebase/analytics`)"
  - "CapacitorFirebaseAuthentication (from `../../../../node_modules/@capacitor-firebase/authentication`)"
  - "CapacitorFirebaseAuthentication/Google (from `../../../../node_modules/@capacitor-firebase/authentication`)"
  - "CapacitorFirebaseCrashlytics (from `../../../../node_modules/@capacitor-firebase/crashlytics`)"
  - "CapacitorFirebaseMessaging (from `../../../../node_modules/@capacitor-firebase/messaging`)"
  - "CapacitorFirebasePerformance (from `../../../../node_modules/@capacitor-firebase/performance`)"
  - "CapacitorFirebaseStorage (from `../../../../node_modules/@capacitor-firebase/storage`)"
  - "CapacitorGeolocation (from `../../../../node_modules/@capacitor/geolocation`)"
  - "CapacitorHaptics (from `../../../../node_modules/@capacitor/haptics`)"
  - "CapacitorKeyboard (from `../../../../node_modules/@capacitor/keyboard`)"
  - CapacitorNativeBiometric (from `../../../../node_modules/capacitor-native-biometric`)
  - "CapacitorNetwork (from `../../../../node_modules/@capacitor/network`)"
  - "CapacitorPreferences (from `../../../../node_modules/@capacitor/preferences`)"
  - "CapacitorPushNotifications (from `../../../../node_modules/@capacitor/push-notifications`)"
  - "CapacitorShare (from `../../../../node_modules/@capacitor/share`)"
  - "CapacitorSplashScreen (from `../../../../node_modules/@capacitor/splash-screen`)"
  - "CapacitorStatusBar (from `../../../../node_modules/@capacitor/status-bar`)"
  - "CapawesomeCapacitorBadge (from `../../../../node_modules/@capawesome/capacitor-badge`)"
  - "CapgoCapacitorUpdater (from `../../../../node_modules/@capgo/capacitor-updater`)"
  - "CapgoNativePurchases (from `../../../../node_modules/@capgo/native-purchases`)"
  - "RecognizebvCapacitorPluginMsauth (from `../../../../node_modules/@recognizebv/capacitor-plugin-msauth`)"

SPEC REPOS:
  trunk:
    - Alamofire
    - AppAuth
    - AppCheckCore
    - BigInt
    - FirebaseABTesting
    - FirebaseAnalytics
    - FirebaseAppCheckInterop
    - FirebaseAuth
    - FirebaseAuthInterop
    - FirebaseCore
    - FirebaseCoreExtension
    - FirebaseCoreInternal
    - FirebaseCrashlytics
    - FirebaseInstallations
    - FirebaseMessaging
    - FirebasePerformance
    - FirebaseRemoteConfig
    - FirebaseRemoteConfigInterop
    - FirebaseSessions
    - FirebaseSharedSwift
    - FirebaseStorage
    - GoogleAppMeasurement
    - GoogleDataTransport
    - GoogleSignIn
    - GoogleUtilities
    - GTMAppAuth
    - GTMSessionFetcher
    - IONCameraLib
    - IONFilesystemLib
    - IONGeolocationLib
    - MSAL
    - nanopb
    - PromisesObjC
    - PromisesSwift
    - RecaptchaInterop
    - SDWebImage
    - Version
    - ZIPFoundation

EXTERNAL SOURCES:
  Capacitor:
    :path: "../../../../node_modules/@capacitor/ios"
  CapacitorActionSheet:
    :path: "../../../../node_modules/@capacitor/action-sheet"
  CapacitorApp:
    :path: "../../../../node_modules/@capacitor/app"
  CapacitorBrowser:
    :path: "../../../../node_modules/@capacitor/browser"
  CapacitorCamera:
    :path: "../../../../node_modules/@capacitor/camera"
  CapacitorCommunityAppleSignIn:
    :path: "../../../../node_modules/@capacitor-community/apple-sign-in"
  CapacitorCommunityMedia:
    :path: "../../../../node_modules/@capacitor-community/media"
  CapacitorCordova:
    :path: "../../../../node_modules/@capacitor/ios"
  CapacitorDevice:
    :path: "../../../../node_modules/@capacitor/device"
  CapacitorDialog:
    :path: "../../../../node_modules/@capacitor/dialog"
  CapacitorFilesystem:
    :path: "../../../../node_modules/@capacitor/filesystem"
  CapacitorFirebaseAnalytics:
    :path: "../../../../node_modules/@capacitor-firebase/analytics"
  CapacitorFirebaseAuthentication:
    :path: "../../../../node_modules/@capacitor-firebase/authentication"
  CapacitorFirebaseCrashlytics:
    :path: "../../../../node_modules/@capacitor-firebase/crashlytics"
  CapacitorFirebaseMessaging:
    :path: "../../../../node_modules/@capacitor-firebase/messaging"
  CapacitorFirebasePerformance:
    :path: "../../../../node_modules/@capacitor-firebase/performance"
  CapacitorFirebaseStorage:
    :path: "../../../../node_modules/@capacitor-firebase/storage"
  CapacitorGeolocation:
    :path: "../../../../node_modules/@capacitor/geolocation"
  CapacitorHaptics:
    :path: "../../../../node_modules/@capacitor/haptics"
  CapacitorKeyboard:
    :path: "../../../../node_modules/@capacitor/keyboard"
  CapacitorNativeBiometric:
    :path: "../../../../node_modules/capacitor-native-biometric"
  CapacitorNetwork:
    :path: "../../../../node_modules/@capacitor/network"
  CapacitorPreferences:
    :path: "../../../../node_modules/@capacitor/preferences"
  CapacitorPushNotifications:
    :path: "../../../../node_modules/@capacitor/push-notifications"
  CapacitorShare:
    :path: "../../../../node_modules/@capacitor/share"
  CapacitorSplashScreen:
    :path: "../../../../node_modules/@capacitor/splash-screen"
  CapacitorStatusBar:
    :path: "../../../../node_modules/@capacitor/status-bar"
  CapawesomeCapacitorBadge:
    :path: "../../../../node_modules/@capawesome/capacitor-badge"
  CapgoCapacitorUpdater:
    :path: "../../../../node_modules/@capgo/capacitor-updater"
  CapgoNativePurchases:
    :path: "../../../../node_modules/@capgo/native-purchases"
  RecognizebvCapacitorPluginMsauth:
    :path: "../../../../node_modules/@recognizebv/capacitor-plugin-msauth"

SPEC CHECKSUMS:
  Alamofire: 7193b3b92c74a07f85569e1a6c4f4237291e7496
  AppAuth: 1c1a8afa7e12f2ec3a294d9882dfa5ab7d3cb063
  AppCheckCore: cc8fd0a3a230ddd401f326489c99990b013f0c4f
  BigInt: f668a80089607f521586bbe29513d708491ef2f7
  Capacitor: 75bd117ba037a51bb0f19ded32c67f4b3bc16600
  CapacitorActionSheet: c3394c32eb29990e73e9c6c5677e3b31eb46ad3f
  CapacitorApp: 449ffe26375e96f8aaaee625ac6e01e5c57c8650
  CapacitorBrowser: c987c73d09d8bd3b5ec13f06338b1e14d5d2be69
  CapacitorCamera: 8f6acf83664118321111e76acef86390211ccb08
  CapacitorCommunityAppleSignIn: 271cb2860576fd2961508bbfa7a82117d93eadca
  CapacitorCommunityMedia: 862ba42957f75b74e403fc3a35bb1b286bfe9410
  CapacitorCordova: 71d81f350e6c30bf2a846593b5c480fbd68e9bac
  CapacitorDevice: 14cba6f88d1c3074cbf825fea977c8c526453ff8
  CapacitorDialog: 854c5dac405081cae697c177ca43bcaa95ae67bf
  CapacitorFilesystem: 2db285a1ac6e475cc27cae2e1bea999000f9e2be
  CapacitorFirebaseAnalytics: 842759b1ae2dd78429cdcd2c9063b6dd61ea34fe
  CapacitorFirebaseAuthentication: d1f4c78c96f2669351781692071260ac79573876
  CapacitorFirebaseCrashlytics: a1402adcf140e3a7df4ae8cd145decf32883ef6a
  CapacitorFirebaseMessaging: d48c9156ee96e166416f1d910cb8de53143cea5f
  CapacitorFirebasePerformance: 4b5806de85b817fceff8642c90a428cebaae392f
  CapacitorFirebaseStorage: 7e6d76e50d386d378b2c7a38632817aed807149d
  CapacitorGeolocation: b36f6287bfc9f2eefa04dc900496f2c8ae666136
  CapacitorHaptics: 296f771ecd89c7a1bd92a7b6826a7d268e2e70f5
  CapacitorKeyboard: b6b0744890cdb1d9a96e2cafcc9253fdcc55de3b
  CapacitorNativeBiometric: 78cf21304251a512e4597437325b5e9b0cd9f7b3
  CapacitorNetwork: 8812ce60d11fb63d8f2e4ba51a49b2e59892ebe2
  CapacitorPreferences: cca2021f386efb75947c850334447d9ff22b14f1
  CapacitorPushNotifications: ec08d589c226a2c0db7c032ec1bf5b044ec85f8e
  CapacitorShare: 0c58305114538568059bfc07111f22dcb9cb2a82
  CapacitorSplashScreen: 4b46c72298db552b3c57ce021ef028b6dc7f1fa7
  CapacitorStatusBar: 01d5763b4ed720de5ce2edbc938de6a98f4c8f32
  CapawesomeCapacitorBadge: 0d9dca1ab1e770a4524c5a6c35d3c1ee91b296f8
  CapgoCapacitorUpdater: 423f83bdb77c4091d5b6f1e300a76303258af6ef
  CapgoNativePurchases: cf70d2336b0004f4386910faa71097d59abce575
  FirebaseABTesting: 72e4636929660d40844f2a4db15be9d551fc27d6
  FirebaseAnalytics: e423129866107aeacf6010a280b9c9829f9ea50d
  FirebaseAppCheckInterop: d58366471f1dadf2ed998b15f85c658458a10142
  FirebaseAuth: 88beaef7c688a2950541552b6dd195d22137c41a
  FirebaseAuthInterop: deb2638881b5d98c88c4371dd0de65b6110f217b
  FirebaseCore: c7b57863ce0859281a66d16ca36d665c45d332b5
  FirebaseCoreExtension: 731a5744970bcd73ad95ab2a2b8a1f46353e86dd
  FirebaseCoreInternal: 571a2dd8c975410966199623351db3a3265c874d
  FirebaseCrashlytics: 9ce9ce4bb179e31ab91a937d0a73d302a9752d1b
  FirebaseInstallations: 6d05424a046b68ca146b4de4376f05b4e9262fc3
  FirebaseMessaging: b5f7bdc62b91b6102015991fb7bc6fa75f643908
  FirebasePerformance: 1e9dee39624d5b7eabbea63a65594a464198a908
  FirebaseRemoteConfig: 555e7aea9d097d9eaa5b761522f607c353964988
  FirebaseRemoteConfigInterop: 0bae7d21510b3a0a79af727961c4973aac585add
  FirebaseSessions: bc59e7d0ba90f96f40325fd1defbdec86ba26f20
  FirebaseSharedSwift: a652f2174ce29ce333d1f67df955499d2db009f6
  FirebaseStorage: bcd86194cfd426735f19b427e5c2d0c08a3a952c
  GoogleAppMeasurement: 8f59e08efecfa1bcd57f0a56fab07d079366268c
  GoogleDataTransport: aae35b7ea0c09004c3797d53c8c41f66f219d6a7
  GoogleSignIn: c7f09cfbc85a1abf69187be091997c317cc33b77
  GoogleUtilities: 00c88b9a86066ef77f0da2fab05f65d7768ed8e1
  GTMAppAuth: 217a876b249c3c585a54fd6f73e6b58c4f5c4238
  GTMSessionFetcher: 5aea5ba6bd522a239e236100971f10cb71b96ab6
  IONCameraLib: f2349804460bd9e3f892e42109b8d996ab3fa19d
  IONFilesystemLib: 21a63377696b2d8fab5632ecfb7d2ac67bddb68a
  IONGeolocationLib: 6a7b6f76063fb1b01cfb14fae7d0f526e3c9b271
  MSAL: 1a32a1070ccf55d9641d31edd8869ea2b5a78beb
  nanopb: fad817b59e0457d11a5dfbde799381cd727c1275
  PromisesObjC: f5707f49cb48b9636751c5b2e7d227e43fba9f47
  PromisesSwift: 9d77319bbe72ebf6d872900551f7eeba9bce2851
  RecaptchaInterop: 11e0b637842dfb48308d242afc3f448062325aba
  RecognizebvCapacitorPluginMsauth: c108ed22d9d2329bc729661356f9fce24354e2c2
  SDWebImage: e9fc87c1aab89a8ab1bbd74eba378c6f53be8abf
  Version: de5907f2c5d0f3cf21708db7801d1d5401139486
  ZIPFoundation: dfd3d681c4053ff7e2f7350bc4e53b5dba3f5351

PODFILE CHECKSUM: 740fa4afd661917229deb89602c646aa6f9544e0

COCOAPODS: 1.16.2
